--- 
dependencies: 
  shoe: 
    group: 
    - :development
    version: = 0.5.0
  sinatra: 
    group: 
    - :default
    version: ">= 0"
  redgreen: 
    group: 
    - :development
    version: ">= 0"
specs: 
- rake: 
    version: 0.8.7
- rack: 
    version: 1.1.0
- redgreen: 
    version: 1.2.2
- shoe: 
    version: 0.5.0
- sinatra: 
    version: "1.0"
hash: 9796c4195ba13364bf0cf730eff55f5a25a0f6f7
sources: 
- Rubygems: 
    uri: http://gemcutter.org
